{
  "name": "altinn-receipt-styles",
  "version": "1.0.0",
  "lockfileVersion": 3,
  "requires": true,
  "packages": {
    "": {
      "name": "altinn-receipt-styles",
      "version": "1.0.0",
      "hasInstallScript": true,
      "license": "3-Clause BSD",
      "dependencies": {
        "@digdir/designsystemet-css": "1.20.1",
        "@digdir/designsystemet-theme": "1.11.0"
      }
    },
    "node_modules/@digdir/designsystemet-css": {
      "version": "1.20.1",
      "resolved": "https://registry.npmjs.org/@digdir/designsystemet-css/-/designsystemet-css-1.20.1.tgz",
      "integrity": "sha512-6YAlQuNZ23kd3PMCOUjYmAXUaRzGa0wRT5DdL+IjWLYSFSW2h8KCSh/ovr70iMeeUKjXOZ92GwG48X+SHxtEMQ==",
      "license": "MIT",
      "dependencies": {
        "@digdir/designsystemet-types": "1.20.1"
      }
    },
    "node_modules/@digdir/designsystemet-theme": {
      "version": "1.11.0",
      "resolved": "https://registry.npmjs.org/@digdir/designsystemet-theme/-/designsystemet-theme-1.11.0.tgz",
      "integrity": "sha512-C4Mf+LmecQ8sdjykD25NWiEclQDEOK+Y6Dlo8oz2BjhLBkDmo1+udFyCplvAGvv1MTzhsAhGafW/S4ox8iXlOA==",
      "deprecated": "Use themebuilder at https://theme.designsystemet.no to create your own theme",
      "license": "MIT",
      "dependencies": {
        "@digdir/designsystemet-types": "^1.11.0"
      }
    },
    "node_modules/@digdir/designsystemet-types": {
      "version": "1.20.1",
      "resolved": "https://registry.npmjs.org/@digdir/designsystemet-types/-/designsystemet-types-1.20.1.tgz",
      "integrity": "sha512-Y8sKF7Xt/SAbZ+hR2CCwqPEHbCvkYazZlQkYRZwLOGGCyc8vjjVz86sA9jMSNIHxjAdLUsYJosYIYauCy0/Myw==",
      "license": "MIT"
    }
  }
}
